
Microsoft Visual Studio Solution File, Format Version 12.00
# Visual Studio Version 17
VisualStudioVersion = 17.10.35122.118
MinimumVisualStudioVersion = 10.0.40219.1
Project("{9A19103F-16F7-4668-BE54-9A1E7A4F7556}") = "FileAnalyzerProject", "FileAnalyzer\FileAnalyzerProject.csproj", "{38EEA6F1-C85F-4D93-A75F-DA0F1E0BB66F}"
EndProject
Global
	GlobalSection(SolutionConfigurationPlatforms) = preSolution
		Debug|Any CPU = Debug|Any CPU
		Release|Any CPU = Release|Any CPU
	EndGlobalSection
	GlobalSection(ProjectConfigurationPlatforms) = postSolution
		{38EEA6F1-C85F-4D93-A75F-DA0F1E0BB66F}.Debug|Any CPU.ActiveCfg = Debug|Any CPU
		{38EEA6F1-C85F-4D93-A75F-DA0F1E0BB66F}.Debug|Any CPU.Build.0 = Debug|Any CPU
		{38EEA6F1-C85F-4D93-A75F-DA0F1E0BB66F}.Release|Any CPU.ActiveCfg = Release|Any CPU
		{38EEA6F1-C85F-4D93-A75F-DA0F1E0BB66F}.Release|Any CPU.Build.0 = Release|Any CPU
	EndGlobalSection
	GlobalSection(SolutionProperties) = preSolution
		HideSolutionNode = FALSE
	EndGlobalSection
	GlobalSection(ExtensibilityGlobals) = postSolution
		SolutionGuid = {802846E6-0C17-4457-8EA4-9C3DD913CB9B}
	EndGlobalSection
EndGlobal
